
Microsoft Visual Studio Solution File, Format Version 12.00
# Visual Studio Version 17
VisualStudioVersion = 17.11.35431.28
MinimumVisualStudioVersion = 10.0.40219.1
Project("{FAE04EC0-301F-11D3-BF4B-00C04F79EFBC}") = "FrontEndAPI", "FrontEndAPI\FrontEndAPI.csproj", "{F8D500F8-69F6-4B50-AAE5-753D4788579D}"
EndProject
Project("{FAE04EC0-301F-11D3-BF4B-00C04F79EFBC}") = "BackEndAPI2", "BackEndAPI2\BackEndAPI2.csproj", "{514B70CD-F995-4720-9EF0-74B1659EE149}"
EndProject
Project("{FAE04EC0-301F-11D3-BF4B-00C04F79EFBC}") = "BackendAPI3", "BackendAPI3\BackendAPI3.csproj", "{9C68B659-A7C0-4EDB-89C0-DDD22C33368B}"
EndProject
Global
	GlobalSection(SolutionConfigurationPlatforms) = preSolution
		Debug|Any CPU = Debug|Any CPU
		Release|Any CPU = Release|Any CPU
	EndGlobalSection
	GlobalSection(ProjectConfigurationPlatforms) = postSolution
		{F8D500F8-69F6-4B50-AAE5-753D4788579D}.Debug|Any CPU.ActiveCfg = Debug|Any CPU
		{F8D500F8-69F6-4B50-AAE5-753D4788579D}.Debug|Any CPU.Build.0 = Debug|Any CPU
		{F8D500F8-69F6-4B50-AAE5-753D4788579D}.Release|Any CPU.ActiveCfg = Release|Any CPU
		{F8D500F8-69F6-4B50-AAE5-753D4788579D}.Release|Any CPU.Build.0 = Release|Any CPU
		{514B70CD-F995-4720-9EF0-74B1659EE149}.Debug|Any CPU.ActiveCfg = Debug|Any CPU
		{514B70CD-F995-4720-9EF0-74B1659EE149}.Debug|Any CPU.Build.0 = Debug|Any CPU
		{514B70CD-F995-4720-9EF0-74B1659EE149}.Release|Any CPU.ActiveCfg = Release|Any CPU
		{514B70CD-F995-4720-9EF0-74B1659EE149}.Release|Any CPU.Build.0 = Release|Any CPU
		{9C68B659-A7C0-4EDB-89C0-DDD22C33368B}.Debug|Any CPU.ActiveCfg = Debug|Any CPU
		{9C68B659-A7C0-4EDB-89C0-DDD22C33368B}.Debug|Any CPU.Build.0 = Debug|Any CPU
		{9C68B659-A7C0-4EDB-89C0-DDD22C33368B}.Release|Any CPU.ActiveCfg = Release|Any CPU
		{9C68B659-A7C0-4EDB-89C0-DDD22C33368B}.Release|Any CPU.Build.0 = Release|Any CPU
	EndGlobalSection
	GlobalSection(SolutionProperties) = preSolution
		HideSolutionNode = FALSE
	EndGlobalSection
	GlobalSection(ExtensibilityGlobals) = postSolution
		SolutionGuid = {25F83F0B-44B6-41D0-9FF6-C4AFE683A2DD}
	EndGlobalSection
EndGlobal
